// !$*UTF8*$!
{
	archiveVersion = 1;
	classes = {
	};
	objectVersion = 56;
	objects = {

/* Begin PBXBuildFile section */
		83526BF52B60FD580058B804 /* AppDelegate.swift in Sources */ = {isa = PBXBuildFile; fileRef = 83526BF42B60FD580058B804 /* AppDelegate.swift */; };
		83526BF72B60FD580058B804 /* SceneDelegate.swift in Sources */ = {isa = PBXBuildFile; fileRef = 83526BF62B60FD580058B804 /* SceneDelegate.swift */; };
		83526BF92B60FD580058B804 /* CoinListVC.swift in Sources */ = {isa = PBXBuildFile; fileRef = 83526BF82B60FD580058B804 /* CoinListVC.swift */; };
		83526BFE2B60FD5A0058B804 /* Assets.xcassets in Resources */ = {isa = PBXBuildFile; fileRef = 83526BFD2B60FD5A0058B804 /* Assets.xcassets */; };
		83526C012B60FD5A0058B804 /* LaunchScreen.storyboard in Resources */ = {isa = PBXBuildFile; fileRef = 83526BFF2B60FD5A0058B804 /* LaunchScreen.storyboard */; };
		83526C0A2B60FEA40058B804 /* SnapKit in Frameworks */ = {isa = PBXBuildFile; productRef = 83526C092B60FEA40058B804 /* SnapKit */; };
		83526C0C2B60FEA40058B804 /* SnapKit-Dynamic in Frameworks */ = {isa = PBXBuildFile; productRef = 83526C0B2B60FEA40058B804 /* SnapKit-Dynamic */; };
		83526C0E2B6101050058B804 /* Coin.swift in Sources */ = {isa = PBXBuildFile; fileRef = 83526C0D2B6101050058B804 /* Coin.swift */; };
		83526C102B6103A00058B804 /* CoinCell.swift in Sources */ = {isa = PBXBuildFile; fileRef = 83526C0F2B6103A00058B804 /* CoinCell.swift */; };
		83526C462B637B490058B804 /* AssetDeatilsVC.swift in Sources */ = {isa = PBXBuildFile; fileRef = 83526C452B637B490058B804 /* AssetDeatilsVC.swift */; };
/* End PBXBuildFile section */

/* Begin PBXFileReference section */
		83526BF12B60FD580058B804 /* TrendingCoins.app */ = {isa = PBXFileReference; explicitFileType = wrapper.application; includeInIndex = 0; path = TrendingCoins.app; sourceTree = BUILT_PRODUCTS_DIR; };
		83526BF42B60FD580058B804 /* AppDelegate.swift */ = {isa = PBXFileReference; lastKnownFileType = sourcecode.swift; path = AppDelegate.swift; sourceTree = "<group>"; };
		83526BF62B60FD580058B804 /* SceneDelegate.swift */ = {isa = PBXFileReference; lastKnownFileType = sourcecode.swift; path = SceneDelegate.swift; sourceTree = "<group>"; };
		83526BF82B60FD580058B804 /* CoinListVC.swift */ = {isa = PBXFileReference; lastKnownFileType = sourcecode.swift; path = CoinListVC.swift; sourceTree = "<group>"; };
		83526BFD2B60FD5A0058B804 /* Assets.xcassets */ = {isa = PBXFileReference; lastKnownFileType = folder.assetcatalog; path = Assets.xcassets; sourceTree = "<group>"; };
		83526C002B60FD5A0058B804 /* Base */ = {isa = PBXFileReference; lastKnownFileType = file.storyboard; name = Base; path = Base.lproj/LaunchScreen.storyboard; sourceTree = "<group>"; };
		83526C022B60FD5A0058B804 /* Info.plist */ = {isa = PBXFileReference; lastKnownFileType = text.plist.xml; path = Info.plist; sourceTree = "<group>"; };
		83526C0D2B6101050058B804 /* Coin.swift */ = {isa = PBXFileReference; lastKnownFileType = sourcecode.swift; path = Coin.swift; sourceTree = "<group>"; };
		83526C0F2B6103A00058B804 /* CoinCell.swift */ = {isa = PBXFileReference; lastKnownFileType = sourcecode.swift; path = CoinCell.swift; sourceTree = "<group>"; };
		83526C452B637B490058B804 /* AssetDeatilsVC.swift */ = {isa = PBXFileReference; lastKnownFileType = sourcecode.swift; path = AssetDeatilsVC.swift; sourceTree = "<group>"; };
/* End PBXFileReference section */

/* Begin PBXFrameworksBuildPhase section */
		83526BEE2B60FD580058B804 /* Frameworks */ = {
			isa = PBXFrameworksBuildPhase;
			buildActionMask = 2147483647;
			files = (
				83526C0A2B60FEA40058B804 /* SnapKit in Frameworks */,
				83526C0C2B60FEA40058B804 /* SnapKit-Dynamic in Frameworks */,
			);
			runOnlyForDeploymentPostprocessing = 0;
		};
/* End PBXFrameworksBuildPhase section */

/* Begin PBXGroup section */
		83526BE82B60FD580058B804 = {
			isa = PBXGroup;
			children = (
				83526BF32B60FD580058B804 /* TrendingCoins */,
				83526BF22B60FD580058B804 /* Products */,
			);
			sourceTree = "<group>";
		};
		83526BF22B60FD580058B804 /* Products */ = {
			isa = PBXGroup;
			children = (
				83526BF12B60FD580058B804 /* TrendingCoins.app */,
			);
			name = Products;
			sourceTree = "<group>";
		};
		83526BF32B60FD580058B804 /* TrendingCoins */ = {
			isa = PBXGroup;
			children = (
				83526BF42B60FD580058B804 /* AppDelegate.swift */,
				83526BF62B60FD580058B804 /* SceneDelegate.swift */,
				83526BF82B60FD580058B804 /* CoinListVC.swift */,
				83526C452B637B490058B804 /* AssetDeatilsVC.swift */,
				83526C0F2B6103A00058B804 /* CoinCell.swift */,
				83526C0D2B6101050058B804 /* Coin.swift */,
				83526BFD2B60FD5A0058B804 /* Assets.xcassets */,
				83526BFF2B60FD5A0058B804 /* LaunchScreen.storyboard */,
				83526C022B60FD5A0058B804 /* Info.plist */,
			);
			path = TrendingCoins;
			sourceTree = "<group>";
		};
/* End PBXGroup section */

/* Begin PBXNativeTarget section */
		83526BF02B60FD580058B804 /* TrendingCoins */ = {
			isa = PBXNativeTarget;
			buildConfigurationList = 83526C052B60FD5A0058B804 /* Build configuration list for PBXNativeTarget "TrendingCoins" */;
			buildPhases = (
				83526BED2B60FD580058B804 /* Sources */,
				83526BEE2B60FD580058B804 /* Frameworks */,
				83526BEF2B60FD580058B804 /* Resources */,
			);
			buildRules = (
			);
			dependencies = (
			);
			name = TrendingCoins;
			packageProductDependencies = (
				83526C092B60FEA40058B804 /* SnapKit */,
				83526C0B2B60FEA40058B804 /* SnapKit-Dynamic */,
			);
			productName = TrendingCoins;
			productReference = 83526BF12B60FD580058B804 /* TrendingCoins.app */;
			productType = "com.apple.product-type.application";
		};
/* End PBXNativeTarget section */

/* Begin PBXProject section */
		83526BE92B60FD580058B804 /* Project object */ = {
			isa = PBXProject;
			attributes = {
				BuildIndependentTargetsInParallel = 1;
				LastSwiftUpdateCheck = 1500;
				LastUpgradeCheck = 1500;
				TargetAttributes = {
					83526BF02B60FD580058B804 = {
						CreatedOnToolsVersion = 15.0.1;
					};
				};
			};
			buildConfigurationList = 83526BEC2B60FD580058B804 /* Build configuration list for PBXProject "TrendingCoins" */;
			compatibilityVersion = "Xcode 14.0";
			developmentRegion = en;
			hasScannedForEncodings = 0;
			knownRegions = (
				en,
				Base,
			);
			mainGroup = 83526BE82B60FD580058B804;
			packageReferences = (
				83526C082B60FEA40058B804 /* XCRemoteSwiftPackageReference "SnapKit" */,
			);
			productRefGroup = 83526BF22B60FD580058B804 /* Products */;
			projectDirPath = "";
			projectRoot = "";
			targets = (
				83526BF02B60FD580058B804 /* TrendingCoins */,
			);
		};
/* End PBXProject section */

/* Begin PBXResourcesBuildPhase section */
		83526BEF2B60FD580058B804 /* Resources */ = {
			isa = PBXResourcesBuildPhase;
			buildActionMask = 2147483647;
			files = (
				83526C012B60FD5A0058B804 /* LaunchScreen.storyboard in Resources */,
				83526BFE2B60FD5A0058B804 /* Assets.xcassets in Resources */,
			);
			runOnlyForDeploymentPostprocessing = 0;
		};
/* End PBXResourcesBuildPhase section */

/* Begin PBXSourcesBuildPhase section */
		83526BED2B60FD580058B804 /* Sources */ = {
			isa = PBXSourcesBuildPhase;
			buildActionMask = 2147483647;
			files = (
				83526C0E2B6101050058B804 /* Coin.swift in Sources */,
				83526BF92B60FD580058B804 /* CoinListVC.swift in Sources */,
				83526C102B6103A00058B804 /* CoinCell.swift in Sources */,
				83526BF52B60FD580058B804 /* AppDelegate.swift in Sources */,
				83526C462B637B490058B804 /* AssetDeatilsVC.swift in Sources */,
				83526BF72B60FD580058B804 /* SceneDelegate.swift in Sources */,
			);
			runOnlyForDeploymentPostprocessing = 0;
		};
/* End PBXSourcesBuildPhase section */

/* Begin PBXVariantGroup section */
		83526BFF2B60FD5A0058B804 /* LaunchScreen.storyboard */ = {
			isa = PBXVariantGroup;
			children = (
				83526C002B60FD5A0058B804 /* Base */,
			);
			name = LaunchScreen.storyboard;
			sourceTree = "<group>";
		};
/* End PBXVariantGroup section */

/* Begin XCBuildConfiguration section */
		83526C032B60FD5A0058B804 /* Debug */ = {
			isa = XCBuildConfiguration;
			buildSettings = {
				ALWAYS_SEARCH_USER_PATHS = NO;
				ASSETCATALOG_COMPILER_GENERATE_SWIFT_ASSET_SYMBOL_EXTENSIONS = YES;
				CLANG_ANALYZER_NONNULL = YES;
				CLANG_ANALYZER_NUMBER_OBJECT_CONVERSION = YES_AGGRESSIVE;
				CLANG_CXX_LANGUAGE_STANDARD = "gnu++20";
				CLANG_ENABLE_MODULES = YES;
				CLANG_ENABLE_OBJC_ARC = YES;
				CLANG_ENABLE_OBJC_WEAK = YES;
				CLANG_WARN_BLOCK_CAPTURE_AUTORELEASING = YES;
				CLANG_WARN_BOOL_CONVERSION = YES;
				CLANG_WARN_COMMA = YES;
				CLANG_WARN_CONSTANT_CONVERSION = YES;
				CLANG_WARN_DEPRECATED_OBJC_IMPLEMENTATIONS = YES;
				CLANG_WARN_DIRECT_OBJC_ISA_USAGE = YES_ERROR;
				CLANG_WARN_DOCUMENTATION_COMMENTS = YES;
				CLANG_WARN_EMPTY_BODY = YES;
				CLANG_WARN_ENUM_CONVERSION = YES;
				CLANG_WARN_INFINITE_RECURSION = YES;
				CLANG_WARN_INT_CONVERSION = YES;
				CLANG_WARN_NON_LITERAL_NULL_CONVERSION = YES;
				CLANG_WARN_OBJC_IMPLICIT_RETAIN_SELF = YES;
				CLANG_WARN_OBJC_LITERAL_CONVERSION = YES;
				CLANG_WARN_OBJC_ROOT_CLASS = YES_ERROR;
				CLANG_WARN_QUOTED_INCLUDE_IN_FRAMEWORK_HEADER = YES;
				CLANG_WARN_RANGE_LOOP_ANALYSIS = YES;
				CLANG_WARN_STRICT_PROTOTYPES = YES;
				CLANG_WARN_SUSPICIOUS_MOVE = YES;
				CLANG_WARN_UNGUARDED_AVAILABILITY = YES_AGGRESSIVE;
				CLANG_WARN_UNREACHABLE_CODE = YES;
				CLANG_WARN__DUPLICATE_METHOD_MATCH = YES;
				COPY_PHASE_STRIP = NO;
				DEBUG_INFORMATION_FORMAT = dwarf;
				ENABLE_STRICT_OBJC_MSGSEND = YES;
				ENABLE_TESTABILITY = YES;
				ENABLE_USER_SCRIPT_SANDBOXING = YES;
				GCC_C_LANGUAGE_STANDARD = gnu17;
				GCC_DYNAMIC_NO_PIC = NO;
				GCC_NO_COMMON_BLOCKS = YES;
				GCC_OPTIMIZATION_LEVEL = 0;
				GCC_PREPROCESSOR_DEFINITIONS = (
					"DEBUG=1",
					"$(inherited)",
				);
				GCC_WARN_64_TO_32_BIT_CONVERSION = YES;
				GCC_WARN_ABOUT_RETURN_TYPE = YES_ERROR;
				GCC_WARN_UNDECLARED_SELECTOR = YES;
				GCC_WARN_UNINITIALIZED_AUTOS = YES_AGGRESSIVE;
				GCC_WARN_UNUSED_FUNCTION = YES;
				GCC_WARN_UNUSED_VARIABLE = YES;
				IPHONEOS_DEPLOYMENT_TARGET = 13.0;
				LOCALIZATION_PREFERS_STRING_CATALOGS = YES;
				MTL_ENABLE_DEBUG_INFO = INCLUDE_SOURCE;
				MTL_FAST_MATH = YES;
				ONLY_ACTIVE_ARCH = YES;
				SDKROOT = iphoneos;
				SWIFT_ACTIVE_COMPILATION_CONDITIONS = "DEBUG $(inherited)";
				SWIFT_OPTIMIZATION_LEVEL = "-Onone";
			};
			name = Debug;
		};
		83526C042B60FD5A0058B804 /* Release */ = {
			isa = XCBuildConfiguration;
			buildSettings = {
				ALWAYS_SEARCH_USER_PATHS = NO;
				ASSETCATALOG_COMPILER_GENERATE_SWIFT_ASSET_SYMBOL_EXTENSIONS = YES;
				CLANG_ANALYZER_NONNULL = YES;
				CLANG_ANALYZER_NUMBER_OBJECT_CONVERSION = YES_AGGRESSIVE;
				CLANG_CXX_LANGUAGE_STANDARD = "gnu++20";
				CLANG_ENABLE_MODULES = YES;
				CLANG_ENABLE_OBJC_ARC = YES;
				CLANG_ENABLE_OBJC_WEAK = YES;
				CLANG_WARN_BLOCK_CAPTURE_AUTORELEASING = YES;
				CLANG_WARN_BOOL_CONVERSION = YES;
				CLANG_WARN_COMMA = YES;
				CLANG_WARN_CONSTANT_CONVERSION = YES;
				CLANG_WARN_DEPRECATED_OBJC_IMPLEMENTATIONS = YES;
				CLANG_WARN_DIRECT_OBJC_ISA_USAGE = YES_ERROR;
				CLANG_WARN_DOCUMENTATION_COMMENTS = YES;
				CLANG_WARN_EMPTY_BODY = YES;
				CLANG_WARN_ENUM_CONVERSION = YES;
				CLANG_WARN_INFINITE_RECURSION = YES;
				CLANG_WARN_INT_CONVERSION = YES;
				CLANG_WARN_NON_LITERAL_NULL_CONVERSION = YES;
				CLANG_WARN_OBJC_IMPLICIT_RETAIN_SELF = YES;
				CLANG_WARN_OBJC_LITERAL_CONVERSION = YES;
				CLANG_WARN_OBJC_ROOT_CLASS = YES_ERROR;
				CLANG_WARN_QUOTED_INCLUDE_IN_FRAMEWORK_HEADER = YES;
				CLANG_WARN_RANGE_LOOP_ANALYSIS = YES;
				CLANG_WARN_STRICT_PROTOTYPES = YES;
				CLANG_WARN_SUSPICIOUS_MOVE = YES;
				CLANG_WARN_UNGUARDED_AVAILABILITY = YES_AGGRESSIVE;
				CLANG_WARN_UNREACHABLE_CODE = YES;
				CLANG_WARN__DUPLICATE_METHOD_MATCH = YES;
				COPY_PHASE_STRIP = NO;
				DEBUG_INFORMATION_FORMAT = "dwarf-with-dsym";
				ENABLE_NS_ASSERTIONS = NO;
				ENABLE_STRICT_OBJC_MSGSEND = YES;
				ENABLE_USER_SCRIPT_SANDBOXING = YES;
				GCC_C_LANGUAGE_STANDARD = gnu17;
				GCC_NO_COMMON_BLOCKS = YES;
				GCC_WARN_64_TO_32_BIT_CONVERSION = YES;
				GCC_WARN_ABOUT_RETURN_TYPE = YES_ERROR;
				GCC_WARN_UNDECLARED_SELECTOR = YES;
				GCC_WARN_UNINITIALIZED_AUTOS = YES_AGGRESSIVE;
				GCC_WARN_UNUSED_FUNCTION = YES;
				GCC_WARN_UNUSED_VARIABLE = YES;
				IPHONEOS_DEPLOYMENT_TARGET = 13.0;
				LOCALIZATION_PREFERS_STRING_CATALOGS = YES;
				MTL_ENABLE_DEBUG_INFO = NO;
				MTL_FAST_MATH = YES;
				SDKROOT = iphoneos;
				SWIFT_COMPILATION_MODE = wholemodule;
				VALIDATE_PRODUCT = YES;
			};
			name = Release;
		};
		83526C062B60FD5A0058B804 /* Debug */ = {
			isa = XCBuildConfiguration;
			buildSettings = {
				ASSETCATALOG_COMPILER_APPICON_NAME = AppIcon;
				ASSETCATALOG_COMPILER_GLOBAL_ACCENT_COLOR_NAME = AccentColor;
				CODE_SIGN_STYLE = Automatic;
				CURRENT_PROJECT_VERSION = 1;
				DEVELOPMENT_TEAM = BTG994US42;
				GENERATE_INFOPLIST_FILE = YES;
				INFOPLIST_FILE = TrendingCoins/Info.plist;
				INFOPLIST_KEY_UIApplicationSupportsIndirectInputEvents = YES;
				INFOPLIST_KEY_UILaunchStoryboardName = LaunchScreen;
				INFOPLIST_KEY_UISupportedInterfaceOrientations_iPad = "UIInterfaceOrientationPortrait UIInterfaceOrientationPortraitUpsideDown UIInterfaceOrientationLandscapeLeft UIInterfaceOrientationLandscapeRight";
				INFOPLIST_KEY_UISupportedInterfaceOrientations_iPhone = "UIInterfaceOrientationPortrait UIInterfaceOrientationLandscapeLeft UIInterfaceOrientationLandscapeRight";
				IPHONEOS_DEPLOYMENT_TARGET = 13.0;
				LD_RUNPATH_SEARCH_PATHS = (
					"$(inherited)",
					"@executable_path/Frameworks",
				);
				MARKETING_VERSION = 1.0;
				PRODUCT_BUNDLE_IDENTIFIER = com.aitolkunanarbekova.TrendingCoins;
				PRODUCT_NAME = "$(TARGET_NAME)";
				SUPPORTED_PLATFORMS = "iphoneos iphonesimulator";
				SUPPORTS_MACCATALYST = NO;
				SUPPORTS_MAC_DESIGNED_FOR_IPHONE_IPAD = NO;
				SWIFT_EMIT_LOC_STRINGS = YES;
				SWIFT_VERSION = 5.0;
				TARGETED_DEVICE_FAMILY = 1;
			};
			name = Debug;
		};
		83526C072B60FD5A0058B804 /* Release */ = {
			isa = XCBuildConfiguration;
			buildSettings = {
				ASSETCATALOG_COMPILER_APPICON_NAME = AppIcon;
				ASSETCATALOG_COMPILER_GLOBAL_ACCENT_COLOR_NAME = AccentColor;
				CODE_SIGN_STYLE = Automatic;
				CURRENT_PROJECT_VERSION = 1;
				DEVELOPMENT_TEAM = BTG994US42;
				GENERATE_INFOPLIST_FILE = YES;
				INFOPLIST_FILE = TrendingCoins/Info.plist;
				INFOPLIST_KEY_UIApplicationSupportsIndirectInputEvents = YES;
				INFOPLIST_KEY_UILaunchStoryboardName = LaunchScreen;
				INFOPLIST_KEY_UISupportedInterfaceOrientations_iPad = "UIInterfaceOrientationPortrait UIInterfaceOrientationPortraitUpsideDown UIInterfaceOrientationLandscapeLeft UIInterfaceOrientationLandscapeRight";
				INFOPLIST_KEY_UISupportedInterfaceOrientations_iPhone = "UIInterfaceOrientationPortrait UIInterfaceOrientationLandscapeLeft UIInterfaceOrientationLandscapeRight";
				IPHONEOS_DEPLOYMENT_TARGET = 13.0;
				LD_RUNPATH_SEARCH_PATHS = (
					"$(inherited)",
					"@executable_path/Frameworks",
				);
				MARKETING_VERSION = 1.0;
				PRODUCT_BUNDLE_IDENTIFIER = com.aitolkunanarbekova.TrendingCoins;
				PRODUCT_NAME = "$(TARGET_NAME)";
				SUPPORTED_PLATFORMS = "iphoneos iphonesimulator";
				SUPPORTS_MACCATALYST = NO;
				SUPPORTS_MAC_DESIGNED_FOR_IPHONE_IPAD = NO;
				SWIFT_EMIT_LOC_STRINGS = YES;
				SWIFT_VERSION = 5.0;
				TARGETED_DEVICE_FAMILY = 1;
			};
			name = Release;
		};
/* End XCBuildConfiguration section */

/* Begin XCConfigurationList section */
		83526BEC2B60FD580058B804 /* Build configuration list for PBXProject "TrendingCoins" */ = {
			isa = XCConfigurationList;
			buildConfigurations = (
				83526C032B60FD5A0058B804 /* Debug */,
				83526C042B60FD5A0058B804 /* Release */,
			);
			defaultConfigurationIsVisible = 0;
			defaultConfigurationName = Release;
		};
		83526C052B60FD5A0058B804 /* Build configuration list for PBXNativeTarget "TrendingCoins" */ = {
			isa = XCConfigurationList;
			buildConfigurations = (
				83526C062B60FD5A0058B804 /* Debug */,
				83526C072B60FD5A0058B804 /* Release */,
			);
			defaultConfigurationIsVisible = 0;
			defaultConfigurationName = Release;
		};
/* End XCConfigurationList section */

/* Begin XCRemoteSwiftPackageReference section */
		83526C082B60FEA40058B804 /* XCRemoteSwiftPackageReference "SnapKit" */ = {
			isa = XCRemoteSwiftPackageReference;
			repositoryURL = "https://github.com/SnapKit/SnapKit.git";
			requirement = {
				kind = upToNextMajorVersion;
				minimumVersion = 5.7.0;
			};
		};
/* End XCRemoteSwiftPackageReference section */

/* Begin XCSwiftPackageProductDependency section */
		83526C092B60FEA40058B804 /* SnapKit */ = {
			isa = XCSwiftPackageProductDependency;
			package = 83526C082B60FEA40058B804 /* XCRemoteSwiftPackageReference "SnapKit" */;
			productName = SnapKit;
		};
		83526C0B2B60FEA40058B804 /* SnapKit-Dynamic */ = {
			isa = XCSwiftPackageProductDependency;
			package = 83526C082B60FEA40058B804 /* XCRemoteSwiftPackageReference "SnapKit" */;
			productName = "SnapKit-Dynamic";
		};
/* End XCSwiftPackageProductDependency section */
	};
	rootObject = 83526BE92B60FD580058B804 /* Project object */;
}
